
Microsoft Visual Studio Solution File, Format Version 12.00
# Visual Studio Version 17
VisualStudioVersion = 17.14.36408.4 d17.14
MinimumVisualStudioVersion = 10.0.40219.1
Project("{FAE04EC0-301F-11D3-BF4B-00C04F79EFBC}") = "Assignment212", "Assignment212.csproj", "{F893A4BA-E484-41B4-905D-A567AE3F0844}"
EndProject
Global
	GlobalSection(SolutionConfigurationPlatforms) = preSolution
		Debug|Any CPU = Debug|Any CPU
		Release|Any CPU = Release|Any CPU
	EndGlobalSection
	GlobalSection(ProjectConfigurationPlatforms) = postSolution
		{F893A4BA-E484-41B4-905D-A567AE3F0844}.Debug|Any CPU.ActiveCfg = Debug|Any CPU
		{F893A4BA-E484-41B4-905D-A567AE3F0844}.Debug|Any CPU.Build.0 = Debug|Any CPU
		{F893A4BA-E484-41B4-905D-A567AE3F0844}.Release|Any CPU.ActiveCfg = Release|Any CPU
		{F893A4BA-E484-41B4-905D-A567AE3F0844}.Release|Any CPU.Build.0 = Release|Any CPU
	EndGlobalSection
	GlobalSection(SolutionProperties) = preSolution
		HideSolutionNode = FALSE
	EndGlobalSection
	GlobalSection(ExtensibilityGlobals) = postSolution
		SolutionGuid = {531B3D8A-1F73-48BF-BD37-8461D4AF8783}
	EndGlobalSection
EndGlobal
